<?xml version="1.0" encoding="utf-8"?>
<Project ToolsVersion="4.0" xmlns="http://schemas.microsoft.com/developer/msbuild/2003">
  <ItemGroup>
    <Filter Include="Pliki źródłowe">
      <UniqueIdentifier>{4FC737F1-C7A5-4376-A066-2A32D752A2FF}</UniqueIdentifier>
      <Extensions>cpp;c;cc;cxx;c++;cppm;ixx;def;odl;idl;hpj;bat;asm;asmx</Extensions>
    </Filter>
    <Filter Include="header files">
      <UniqueIdentifier>{7d0df871-3cc7-4bb1-82b5-0ca9697b4118}</UniqueIdentifier>
    </Filter>
    <Filter Include="c files">
      <UniqueIdentifier>{7757fba6-6e40-4b57-9162-3ee760f053b3}</UniqueIdentifier>
    </Filter>
  </ItemGroup>
  <ItemGroup>
    <ClCompile Include="menu.c">
      <Filter>Pliki źródłowe</Filter>
    </ClCompile>
    <ClCompile Include="opcja1.c">
      <Filter>c files</Filter>
    </ClCompile>
    <ClCompile Include="opcja2.c">
      <Filter>c files</Filter>
    </ClCompile>
    <ClCompile Include="opcja3.c">
      <Filter>c files</Filter>
    </ClCompile>
    <ClCompile Include="opcja4.c">
      <Filter>c files</Filter>
    </ClCompile>
  </ItemGroup>
  <ItemGroup>
    <ClInclude Include="opcja1.h">
      <Filter>header files</Filter>
    </ClInclude>
    <ClInclude Include="opcja2.h">
      <Filter>header files</Filter>
    </ClInclude>
    <ClInclude Include="opcja3.h">
      <Filter>header files</Filter>
    </ClInclude>
    <ClInclude Include="opcja4.h">
      <Filter>header files</Filter>
    </ClInclude>
  </ItemGroup>
</Project>